// !$*UTF8*$!
{
	archiveVersion = 1;
	classes = {
	};
	objectVersion = 46;
	objects = {

/* Begin PBXBuildFile section */
		525F68B01BF597BB0010B67B /* main.m in Sources */ = {isa = PBXBuildFile; fileRef = 525F68AF1BF597BB0010B67B /* main.m */; };
		525F68B31BF597BB0010B67B /* AppDelegate.m in Sources */ = {isa = PBXBuildFile; fileRef = 525F68B21BF597BB0010B67B /* AppDelegate.m */; };
		525F68B61BF597BB0010B67B /* ViewController.m in Sources */ = {isa = PBXBuildFile; fileRef = 525F68B51BF597BB0010B67B /* ViewController.m */; };
		525F68B91BF597BB0010B67B /* Main.storyboard in Resources */ = {isa = PBXBuildFile; fileRef = 525F68B71BF597BB0010B67B /* Main.storyboard */; };
		525F68BB1BF597BB0010B67B /* Assets.xcassets in Resources */ = {isa = PBXBuildFile; fileRef = 525F68BA1BF597BB0010B67B /* Assets.xcassets */; };
		525F68BE1BF597BB0010B67B /* LaunchScreen.storyboard in Resources */ = {isa = PBXBuildFile; fileRef = 525F68BC1BF597BB0010B67B /* LaunchScreen.storyboard */; };
		525F68C71BF597DD0010B67B /* DTPlayPauseButton.m in Sources */ = {isa = PBXBuildFile; fileRef = 525F68C61BF597DD0010B67B /* DTPlayPauseButton.m */; };
		52829E241BFF172600BDBA49 /* main.m in Sources */ = {isa = PBXBuildFile; fileRef = 52829E231BFF172600BDBA49 /* main.m */; };
		52829E271BFF172600BDBA49 /* AppDelegate.m in Sources */ = {isa = PBXBuildFile; fileRef = 52829E261BFF172600BDBA49 /* AppDelegate.m */; };
		52829E2A1BFF172600BDBA49 /* ViewController.m in Sources */ = {isa = PBXBuildFile; fileRef = 52829E291BFF172600BDBA49 /* ViewController.m */; };
		52829E2D1BFF172600BDBA49 /* Main.storyboard in Resources */ = {isa = PBXBuildFile; fileRef = 52829E2B1BFF172600BDBA49 /* Main.storyboard */; };
		52829E2F1BFF172600BDBA49 /* Assets.xcassets in Resources */ = {isa = PBXBuildFile; fileRef = 52829E2E1BFF172600BDBA49 /* Assets.xcassets */; };
		52829E341BFF1A7B00BDBA49 /* DTPlayPauseButton.m in Sources */ = {isa = PBXBuildFile; fileRef = 525F68C61BF597DD0010B67B /* DTPlayPauseButton.m */; };
/* End PBXBuildFile section */

/* Begin PBXFileReference section */
		525F68AB1BF597BB0010B67B /* PlayPauseButton.app */ = {isa = PBXFileReference; explicitFileType = wrapper.application; includeInIndex = 0; path = PlayPauseButton.app; sourceTree = BUILT_PRODUCTS_DIR; };
		525F68AF1BF597BB0010B67B /* main.m */ = {isa = PBXFileReference; lastKnownFileType = sourcecode.c.objc; path = main.m; sourceTree = "<group>"; };
		525F68B11BF597BB0010B67B /* AppDelegate.h */ = {isa = PBXFileReference; lastKnownFileType = sourcecode.c.h; path = AppDelegate.h; sourceTree = "<group>"; };
		525F68B21BF597BB0010B67B /* AppDelegate.m */ = {isa = PBXFileReference; lastKnownFileType = sourcecode.c.objc; path = AppDelegate.m; sourceTree = "<group>"; };
		525F68B41BF597BB0010B67B /* ViewController.h */ = {isa = PBXFileReference; lastKnownFileType = sourcecode.c.h; path = ViewController.h; sourceTree = "<group>"; };
		525F68B51BF597BB0010B67B /* ViewController.m */ = {isa = PBXFileReference; lastKnownFileType = sourcecode.c.objc; path = ViewController.m; sourceTree = "<group>"; };
		525F68B81BF597BB0010B67B /* Base */ = {isa = PBXFileReference; lastKnownFileType = file.storyboard; name = Base; path = Base.lproj/Main.storyboard; sourceTree = "<group>"; };
		525F68BA1BF597BB0010B67B /* Assets.xcassets */ = {isa = PBXFileReference; lastKnownFileType = folder.assetcatalog; path = Assets.xcassets; sourceTree = "<group>"; };
		525F68BD1BF597BB0010B67B /* Base */ = {isa = PBXFileReference; lastKnownFileType = file.storyboard; name = Base; path = Base.lproj/LaunchScreen.storyboard; sourceTree = "<group>"; };
		525F68BF1BF597BB0010B67B /* Info.plist */ = {isa = PBXFileReference; lastKnownFileType = text.plist.xml; path = Info.plist; sourceTree = "<group>"; };
		525F68C51BF597DD0010B67B /* DTPlayPauseButton.h */ = {isa = PBXFileReference; fileEncoding = 4; lastKnownFileType = sourcecode.c.h; path = DTPlayPauseButton.h; sourceTree = "<group>"; };
		525F68C61BF597DD0010B67B /* DTPlayPauseButton.m */ = {isa = PBXFileReference; fileEncoding = 4; lastKnownFileType = sourcecode.c.objc; path = DTPlayPauseButton.m; sourceTree = "<group>"; };
		52829E201BFF172600BDBA49 /* PlayPauseButton(tvOS).app */ = {isa = PBXFileReference; explicitFileType = wrapper.application; includeInIndex = 0; path = "PlayPauseButton(tvOS).app"; sourceTree = BUILT_PRODUCTS_DIR; };
		52829E231BFF172600BDBA49 /* main.m */ = {isa = PBXFileReference; lastKnownFileType = sourcecode.c.objc; path = main.m; sourceTree = "<group>"; };
		52829E251BFF172600BDBA49 /* AppDelegate.h */ = {isa = PBXFileReference; lastKnownFileType = sourcecode.c.h; path = AppDelegate.h; sourceTree = "<group>"; };
		52829E261BFF172600BDBA49 /* AppDelegate.m */ = {isa = PBXFileReference; lastKnownFileType = sourcecode.c.objc; path = AppDelegate.m; sourceTree = "<group>"; };
		52829E281BFF172600BDBA49 /* ViewController.h */ = {isa = PBXFileReference; lastKnownFileType = sourcecode.c.h; path = ViewController.h; sourceTree = "<group>"; };
		52829E291BFF172600BDBA49 /* ViewController.m */ = {isa = PBXFileReference; lastKnownFileType = sourcecode.c.objc; path = ViewController.m; sourceTree = "<group>"; };
		52829E2C1BFF172600BDBA49 /* Base */ = {isa = PBXFileReference; lastKnownFileType = file.storyboard; name = Base; path = Base.lproj/Main.storyboard; sourceTree = "<group>"; };
		52829E2E1BFF172600BDBA49 /* Assets.xcassets */ = {isa = PBXFileReference; lastKnownFileType = folder.assetcatalog; path = Assets.xcassets; sourceTree = "<group>"; };
		52829E301BFF172600BDBA49 /* Info.plist */ = {isa = PBXFileReference; lastKnownFileType = text.plist.xml; path = Info.plist; sourceTree = "<group>"; };
/* End PBXFileReference section */

/* Begin PBXFrameworksBuildPhase section */
		525F68A81BF597BB0010B67B /* Frameworks */ = {
			isa = PBXFrameworksBuildPhase;
			buildActionMask = 2147483647;
			files = (
			);
			runOnlyForDeploymentPostprocessing = 0;
		};
		52829E1D1BFF172600BDBA49 /* Frameworks */ = {
			isa = PBXFrameworksBuildPhase;
			buildActionMask = 2147483647;
			files = (
			);
			runOnlyForDeploymentPostprocessing = 0;
		};
/* End PBXFrameworksBuildPhase section */

/* Begin PBXGroup section */
		525F68A21BF597BB0010B67B = {
			isa = PBXGroup;
			children = (
				525F68AD1BF597BB0010B67B /* PlayPauseButton */,
				52829E211BFF172600BDBA49 /* PlayPauseButton(tvOS) */,
				525F68AC1BF597BB0010B67B /* Products */,
			);
			sourceTree = "<group>";
		};
		525F68AC1BF597BB0010B67B /* Products */ = {
			isa = PBXGroup;
			children = (
				525F68AB1BF597BB0010B67B /* PlayPauseButton.app */,
				52829E201BFF172600BDBA49 /* PlayPauseButton(tvOS).app */,
			);
			name = Products;
			sourceTree = "<group>";
		};
		525F68AD1BF597BB0010B67B /* PlayPauseButton */ = {
			isa = PBXGroup;
			children = (
				529F35FE1BFAC90500833AF4 /* DTPlayPauseButton */,
				525F68B11BF597BB0010B67B /* AppDelegate.h */,
				525F68B21BF597BB0010B67B /* AppDelegate.m */,
				525F68B41BF597BB0010B67B /* ViewController.h */,
				525F68B51BF597BB0010B67B /* ViewController.m */,
				525F68B71BF597BB0010B67B /* Main.storyboard */,
				525F68BA1BF597BB0010B67B /* Assets.xcassets */,
				525F68BC1BF597BB0010B67B /* LaunchScreen.storyboard */,
				525F68BF1BF597BB0010B67B /* Info.plist */,
				525F68AE1BF597BB0010B67B /* Supporting Files */,
			);
			path = PlayPauseButton;
			sourceTree = "<group>";
		};
		525F68AE1BF597BB0010B67B /* Supporting Files */ = {
			isa = PBXGroup;
			children = (
				525F68AF1BF597BB0010B67B /* main.m */,
			);
			name = "Supporting Files";
			sourceTree = "<group>";
		};
		52829E211BFF172600BDBA49 /* PlayPauseButton(tvOS) */ = {
			isa = PBXGroup;
			children = (
				52829E251BFF172600BDBA49 /* AppDelegate.h */,
				52829E261BFF172600BDBA49 /* AppDelegate.m */,
				52829E281BFF172600BDBA49 /* ViewController.h */,
				52829E291BFF172600BDBA49 /* ViewController.m */,
				52829E2B1BFF172600BDBA49 /* Main.storyboard */,
				52829E2E1BFF172600BDBA49 /* Assets.xcassets */,
				52829E301BFF172600BDBA49 /* Info.plist */,
				52829E221BFF172600BDBA49 /* Supporting Files */,
			);
			path = "PlayPauseButton(tvOS)";
			sourceTree = "<group>";
		};
		52829E221BFF172600BDBA49 /* Supporting Files */ = {
			isa = PBXGroup;
			children = (
				52829E231BFF172600BDBA49 /* main.m */,
			);
			name = "Supporting Files";
			sourceTree = "<group>";
		};
		529F35FE1BFAC90500833AF4 /* DTPlayPauseButton */ = {
			isa = PBXGroup;
			children = (
				525F68C51BF597DD0010B67B /* DTPlayPauseButton.h */,
				525F68C61BF597DD0010B67B /* DTPlayPauseButton.m */,
			);
			name = DTPlayPauseButton;
			path = ../DTPlayPauseButton;
			sourceTree = "<group>";
		};
/* End PBXGroup section */

/* Begin PBXNativeTarget section */
		525F68AA1BF597BB0010B67B /* PlayPauseButton */ = {
			isa = PBXNativeTarget;
			buildConfigurationList = 525F68C21BF597BB0010B67B /* Build configuration list for PBXNativeTarget "PlayPauseButton" */;
			buildPhases = (
				525F68A71BF597BB0010B67B /* Sources */,
				525F68A81BF597BB0010B67B /* Frameworks */,
				525F68A91BF597BB0010B67B /* Resources */,
			);
			buildRules = (
			);
			dependencies = (
			);
			name = PlayPauseButton;
			productName = PlayPauseButton;
			productReference = 525F68AB1BF597BB0010B67B /* PlayPauseButton.app */;
			productType = "com.apple.product-type.application";
		};
		52829E1F1BFF172600BDBA49 /* PlayPauseButton(tvOS) */ = {
			isa = PBXNativeTarget;
			buildConfigurationList = 52829E331BFF172600BDBA49 /* Build configuration list for PBXNativeTarget "PlayPauseButton(tvOS)" */;
			buildPhases = (
				52829E1C1BFF172600BDBA49 /* Sources */,
				52829E1D1BFF172600BDBA49 /* Frameworks */,
				52829E1E1BFF172600BDBA49 /* Resources */,
			);
			buildRules = (
			);
			dependencies = (
			);
			name = "PlayPauseButton(tvOS)";
			productName = "PlayPauseButton(tvOS)";
			productReference = 52829E201BFF172600BDBA49 /* PlayPauseButton(tvOS).app */;
			productType = "com.apple.product-type.application";
		};
/* End PBXNativeTarget section */

/* Begin PBXProject section */
		525F68A31BF597BB0010B67B /* Project object */ = {
			isa = PBXProject;
			attributes = {
				LastUpgradeCheck = 0710;
				ORGANIZATIONNAME = Darktt;
				TargetAttributes = {
					525F68AA1BF597BB0010B67B = {
						CreatedOnToolsVersion = 7.1.1;
					};
					52829E1F1BFF172600BDBA49 = {
						CreatedOnToolsVersion = 7.1.1;
					};
				};
			};
			buildConfigurationList = 525F68A61BF597BB0010B67B /* Build configuration list for PBXProject "PlayPauseButton" */;
			compatibilityVersion = "Xcode 3.2";
			developmentRegion = English;
			hasScannedForEncodings = 0;
			knownRegions = (
				en,
				Base,
			);
			mainGroup = 525F68A21BF597BB0010B67B;
			productRefGroup = 525F68AC1BF597BB0010B67B /* Products */;
			projectDirPath = "";
			projectRoot = "";
			targets = (
				525F68AA1BF597BB0010B67B /* PlayPauseButton */,
				52829E1F1BFF172600BDBA49 /* PlayPauseButton(tvOS) */,
			);
		};
/* End PBXProject section */

/* Begin PBXResourcesBuildPhase section */
		525F68A91BF597BB0010B67B /* Resources */ = {
			isa = PBXResourcesBuildPhase;
			buildActionMask = 2147483647;
			files = (
				525F68BE1BF597BB0010B67B /* LaunchScreen.storyboard in Resources */,
				525F68BB1BF597BB0010B67B /* Assets.xcassets in Resources */,
				525F68B91BF597BB0010B67B /* Main.storyboard in Resources */,
			);
			runOnlyForDeploymentPostprocessing = 0;
		};
		52829E1E1BFF172600BDBA49 /* Resources */ = {
			isa = PBXResourcesBuildPhase;
			buildActionMask = 2147483647;
			files = (
				52829E2F1BFF172600BDBA49 /* Assets.xcassets in Resources */,
				52829E2D1BFF172600BDBA49 /* Main.storyboard in Resources */,
			);
			runOnlyForDeploymentPostprocessing = 0;
		};
/* End PBXResourcesBuildPhase section */

/* Begin PBXSourcesBuildPhase section */
		525F68A71BF597BB0010B67B /* Sources */ = {
			isa = PBXSourcesBuildPhase;
			buildActionMask = 2147483647;
			files = (
				525F68B61BF597BB0010B67B /* ViewController.m in Sources */,
				525F68B31BF597BB0010B67B /* AppDelegate.m in Sources */,
				525F68C71BF597DD0010B67B /* DTPlayPauseButton.m in Sources */,
				525F68B01BF597BB0010B67B /* main.m in Sources */,
			);
			runOnlyForDeploymentPostprocessing = 0;
		};
		52829E1C1BFF172600BDBA49 /* Sources */ = {
			isa = PBXSourcesBuildPhase;
			buildActionMask = 2147483647;
			files = (
				52829E2A1BFF172600BDBA49 /* ViewController.m in Sources */,
				52829E341BFF1A7B00BDBA49 /* DTPlayPauseButton.m in Sources */,
				52829E271BFF172600BDBA49 /* AppDelegate.m in Sources */,
				52829E241BFF172600BDBA49 /* main.m in Sources */,
			);
			runOnlyForDeploymentPostprocessing = 0;
		};
/* End PBXSourcesBuildPhase section */

/* Begin PBXVariantGroup section */
		525F68B71BF597BB0010B67B /* Main.storyboard */ = {
			isa = PBXVariantGroup;
			children = (
				525F68B81BF597BB0010B67B /* Base */,
			);
			name = Main.storyboard;
			sourceTree = "<group>";
		};
		525F68BC1BF597BB0010B67B /* LaunchScreen.storyboard */ = {
			isa = PBXVariantGroup;
			children = (
				525F68BD1BF597BB0010B67B /* Base */,
			);
			name = LaunchScreen.storyboard;
			sourceTree = "<group>";
		};
		52829E2B1BFF172600BDBA49 /* Main.storyboard */ = {
			isa = PBXVariantGroup;
			children = (
				52829E2C1BFF172600BDBA49 /* Base */,
			);
			name = Main.storyboard;
			sourceTree = "<group>";
		};
/* End PBXVariantGroup section */

/* Begin XCBuildConfiguration section */
		525F68C01BF597BB0010B67B /* Debug */ = {
			isa = XCBuildConfiguration;
			buildSettings = {
				ALWAYS_SEARCH_USER_PATHS = NO;
				CLANG_CXX_LANGUAGE_STANDARD = "gnu++0x";
				CLANG_CXX_LIBRARY = "libc++";
				CLANG_ENABLE_MODULES = YES;
				CLANG_ENABLE_OBJC_ARC = YES;
				CLANG_WARN_BOOL_CONVERSION = YES;
				CLANG_WARN_CONSTANT_CONVERSION = YES;
				CLANG_WARN_DIRECT_OBJC_ISA_USAGE = YES_ERROR;
				CLANG_WARN_EMPTY_BODY = YES;
				CLANG_WARN_ENUM_CONVERSION = YES;
				CLANG_WARN_INT_CONVERSION = YES;
				CLANG_WARN_OBJC_ROOT_CLASS = YES_ERROR;
				CLANG_WARN_UNREACHABLE_CODE = YES;
				CLANG_WARN__DUPLICATE_METHOD_MATCH = YES;
				"CODE_SIGN_IDENTITY[sdk=iphoneos*]" = "iPhone Developer";
				COPY_PHASE_STRIP = NO;
				DEBUG_INFORMATION_FORMAT = dwarf;
				ENABLE_STRICT_OBJC_MSGSEND = YES;
				ENABLE_TESTABILITY = YES;
				GCC_C_LANGUAGE_STANDARD = gnu99;
				GCC_DYNAMIC_NO_PIC = NO;
				GCC_NO_COMMON_BLOCKS = YES;
				GCC_OPTIMIZATION_LEVEL = 0;
				GCC_PREPROCESSOR_DEFINITIONS = (
					"DEBUG=1",
					"$(inherited)",
				);
				GCC_WARN_64_TO_32_BIT_CONVERSION = YES;
				GCC_WARN_ABOUT_RETURN_TYPE = YES_ERROR;
				GCC_WARN_UNDECLARED_SELECTOR = YES;
				GCC_WARN_UNINITIALIZED_AUTOS = YES_AGGRESSIVE;
				GCC_WARN_UNUSED_FUNCTION = YES;
				GCC_WARN_UNUSED_VARIABLE = YES;
				IPHONEOS_DEPLOYMENT_TARGET = 9.1;
				MTL_ENABLE_DEBUG_INFO = YES;
				ONLY_ACTIVE_ARCH = YES;
				SDKROOT = iphoneos;
			};
			name = Debug;
		};
		525F68C11BF597BB0010B67B /* Release */ = {
			isa = XCBuildConfiguration;
			buildSettings = {
				ALWAYS_SEARCH_USER_PATHS = NO;
				CLANG_CXX_LANGUAGE_STANDARD = "gnu++0x";
				CLANG_CXX_LIBRARY = "libc++";
				CLANG_ENABLE_MODULES = YES;
				CLANG_ENABLE_OBJC_ARC = YES;
				CLANG_WARN_BOOL_CONVERSION = YES;
				CLANG_WARN_CONSTANT_CONVERSION = YES;
				CLANG_WARN_DIRECT_OBJC_ISA_USAGE = YES_ERROR;
				CLANG_WARN_EMPTY_BODY = YES;
				CLANG_WARN_ENUM_CONVERSION = YES;
				CLANG_WARN_INT_CONVERSION = YES;
				CLANG_WARN_OBJC_ROOT_CLASS = YES_ERROR;
				CLANG_WARN_UNREACHABLE_CODE = YES;
				CLANG_WARN__DUPLICATE_METHOD_MATCH = YES;
				"CODE_SIGN_IDENTITY[sdk=iphoneos*]" = "iPhone Developer";
				COPY_PHASE_STRIP = NO;
				DEBUG_INFORMATION_FORMAT = "dwarf-with-dsym";
				ENABLE_NS_ASSERTIONS = NO;
				ENABLE_STRICT_OBJC_MSGSEND = YES;
				GCC_C_LANGUAGE_STANDARD = gnu99;
				GCC_NO_COMMON_BLOCKS = YES;
				GCC_WARN_64_TO_32_BIT_CONVERSION = YES;
				GCC_WARN_ABOUT_RETURN_TYPE = YES_ERROR;
				GCC_WARN_UNDECLARED_SELECTOR = YES;
				GCC_WARN_UNINITIALIZED_AUTOS = YES_AGGRESSIVE;
				GCC_WARN_UNUSED_FUNCTION = YES;
				GCC_WARN_UNUSED_VARIABLE = YES;
				IPHONEOS_DEPLOYMENT_TARGET = 9.1;
				MTL_ENABLE_DEBUG_INFO = NO;
				SDKROOT = iphoneos;
				VALIDATE_PRODUCT = YES;
			};
			name = Release;
		};
		525F68C31BF597BB0010B67B /* Debug */ = {
			isa = XCBuildConfiguration;
			buildSettings = {
				ASSETCATALOG_COMPILER_APPICON_NAME = AppIcon;
				CLANG_ENABLE_OBJC_ARC = NO;
				INFOPLIST_FILE = PlayPauseButton/Info.plist;
				LD_RUNPATH_SEARCH_PATHS = "$(inherited) @executable_path/Frameworks";
				PRODUCT_BUNDLE_IDENTIFIER = com.darktt.PlayPauseButton;
				PRODUCT_NAME = "$(TARGET_NAME)";
			};
			name = Debug;
		};
		525F68C41BF597BB0010B67B /* Release */ = {
			isa = XCBuildConfiguration;
			buildSettings = {
				ASSETCATALOG_COMPILER_APPICON_NAME = AppIcon;
				CLANG_ENABLE_OBJC_ARC = NO;
				INFOPLIST_FILE = PlayPauseButton/Info.plist;
				LD_RUNPATH_SEARCH_PATHS = "$(inherited) @executable_path/Frameworks";
				PRODUCT_BUNDLE_IDENTIFIER = com.darktt.PlayPauseButton;
				PRODUCT_NAME = "$(TARGET_NAME)";
			};
			name = Release;
		};
		52829E311BFF172600BDBA49 /* Debug */ = {
			isa = XCBuildConfiguration;
			buildSettings = {
				ASSETCATALOG_COMPILER_APPICON_NAME = "App Icon & Top Shelf Image";
				ASSETCATALOG_COMPILER_LAUNCHIMAGE_NAME = LaunchImage;
				CLANG_ENABLE_OBJC_ARC = NO;
				INFOPLIST_FILE = "PlayPauseButton(tvOS)/Info.plist";
				LD_RUNPATH_SEARCH_PATHS = "$(inherited) @executable_path/Frameworks";
				PRODUCT_BUNDLE_IDENTIFIER = "com.darktt.PlayPauseButton-tvOS-";
				PRODUCT_NAME = "$(TARGET_NAME)";
				SDKROOT = appletvos;
				TARGETED_DEVICE_FAMILY = 3;
				TVOS_DEPLOYMENT_TARGET = 9.0;
			};
			name = Debug;
		};
		52829E321BFF172600BDBA49 /* Release */ = {
			isa = XCBuildConfiguration;
			buildSettings = {
				ASSETCATALOG_COMPILER_APPICON_NAME = "App Icon & Top Shelf Image";
				ASSETCATALOG_COMPILER_LAUNCHIMAGE_NAME = LaunchImage;
				CLANG_ENABLE_OBJC_ARC = NO;
				INFOPLIST_FILE = "PlayPauseButton(tvOS)/Info.plist";
				LD_RUNPATH_SEARCH_PATHS = "$(inherited) @executable_path/Frameworks";
				PRODUCT_BUNDLE_IDENTIFIER = "com.darktt.PlayPauseButton-tvOS-";
				PRODUCT_NAME = "$(TARGET_NAME)";
				SDKROOT = appletvos;
				TARGETED_DEVICE_FAMILY = 3;
				TVOS_DEPLOYMENT_TARGET = 9.0;
			};
			name = Release;
		};
/* End XCBuildConfiguration section */

/* Begin XCConfigurationList section */
		525F68A61BF597BB0010B67B /* Build configuration list for PBXProject "PlayPauseButton" */ = {
			isa = XCConfigurationList;
			buildConfigurations = (
				525F68C01BF597BB0010B67B /* Debug */,
				525F68C11BF597BB0010B67B /* Release */,
			);
			defaultConfigurationIsVisible = 0;
			defaultConfigurationName = Release;
		};
		525F68C21BF597BB0010B67B /* Build configuration list for PBXNativeTarget "PlayPauseButton" */ = {
			isa = XCConfigurationList;
			buildConfigurations = (
				525F68C31BF597BB0010B67B /* Debug */,
				525F68C41BF597BB0010B67B /* Release */,
			);
			defaultConfigurationIsVisible = 0;
			defaultConfigurationName = Release;
		};
		52829E331BFF172600BDBA49 /* Build configuration list for PBXNativeTarget "PlayPauseButton(tvOS)" */ = {
			isa = XCConfigurationList;
			buildConfigurations = (
				52829E311BFF172600BDBA49 /* Debug */,
				52829E321BFF172600BDBA49 /* Release */,
			);
			defaultConfigurationIsVisible = 0;
		};
/* End XCConfigurationList section */
	};
	rootObject = 525F68A31BF597BB0010B67B /* Project object */;
}
